
Microsoft Visual Studio Solution File, Format Version 12.00
# Visual Studio Version 17
VisualStudioVersion = 17.12.35707.178
MinimumVisualStudioVersion = 10.0.40219.1
Project("{FAE04EC0-301F-11D3-BF4B-00C04F79EFBC}") = "MediPulse", "MediPulse\MediPulse.csproj", "{B1F4933F-672C-46E0-A1D8-7F0626D0E85F}"
EndProject
Project("{FAE04EC0-301F-11D3-BF4B-00C04F79EFBC}") = "MediPulseWeb", "MediPulseWeb\MediPulseWeb.csproj", "{8A7DA9DD-68AB-45DF-9ED8-1C02AF16F03B}"
EndProject
Global
	GlobalSection(SolutionConfigurationPlatforms) = preSolution
		Debug|Any CPU = Debug|Any CPU
		Release|Any CPU = Release|Any CPU
	EndGlobalSection
	GlobalSection(ProjectConfigurationPlatforms) = postSolution
		{B1F4933F-672C-46E0-A1D8-7F0626D0E85F}.Debug|Any CPU.ActiveCfg = Debug|Any CPU
		{B1F4933F-672C-46E0-A1D8-7F0626D0E85F}.Debug|Any CPU.Build.0 = Debug|Any CPU
		{B1F4933F-672C-46E0-A1D8-7F0626D0E85F}.Release|Any CPU.ActiveCfg = Release|Any CPU
		{B1F4933F-672C-46E0-A1D8-7F0626D0E85F}.Release|Any CPU.Build.0 = Release|Any CPU
		{8A7DA9DD-68AB-45DF-9ED8-1C02AF16F03B}.Debug|Any CPU.ActiveCfg = Debug|Any CPU
		{8A7DA9DD-68AB-45DF-9ED8-1C02AF16F03B}.Debug|Any CPU.Build.0 = Debug|Any CPU
		{8A7DA9DD-68AB-45DF-9ED8-1C02AF16F03B}.Release|Any CPU.ActiveCfg = Release|Any CPU
		{8A7DA9DD-68AB-45DF-9ED8-1C02AF16F03B}.Release|Any CPU.Build.0 = Release|Any CPU
	EndGlobalSection
	GlobalSection(SolutionProperties) = preSolution
		HideSolutionNode = FALSE
	EndGlobalSection
EndGlobal
